// !$*UTF8*$!
{
	archiveVersion = 1;
	classes = {
	};
	objectVersion = 50;
	objects = {

/* Begin PBXBuildFile section */
		BE4CE488213D85EE00759238 /* CurrencyTextfield.swift in Sources */ = {isa = PBXBuildFile; fileRef = BE4CE487213D85EE00759238 /* CurrencyTextfield.swift */; };
		BEBE4F53213A76B900D5153F /* AppDelegate.swift in Sources */ = {isa = PBXBuildFile; fileRef = BEBE4F52213A76B900D5153F /* AppDelegate.swift */; };
		BEBE4F55213A76B900D5153F /* MainVC.swift in Sources */ = {isa = PBXBuildFile; fileRef = BEBE4F54213A76B900D5153F /* MainVC.swift */; };
		BEBE4F58213A76B900D5153F /* Main.storyboard in Resources */ = {isa = PBXBuildFile; fileRef = BEBE4F56213A76B900D5153F /* Main.storyboard */; };
		BEBE4F5A213A76C100D5153F /* Assets.xcassets in Resources */ = {isa = PBXBuildFile; fileRef = BEBE4F59213A76C100D5153F /* Assets.xcassets */; };
		BEBE4F5D213A76C100D5153F /* LaunchScreen.storyboard in Resources */ = {isa = PBXBuildFile; fileRef = BEBE4F5B213A76C100D5153F /* LaunchScreen.storyboard */; };
/* End PBXBuildFile section */

/* Begin PBXFileReference section */
		BE4CE487213D85EE00759238 /* CurrencyTextfield.swift */ = {isa = PBXFileReference; lastKnownFileType = sourcecode.swift; path = CurrencyTextfield.swift; sourceTree = "<group>"; };
		BEBE4F4F213A76B900D5153F /* Widow Shopper.app */ = {isa = PBXFileReference; explicitFileType = wrapper.application; includeInIndex = 0; path = "Widow Shopper.app"; sourceTree = BUILT_PRODUCTS_DIR; };
		BEBE4F52213A76B900D5153F /* AppDelegate.swift */ = {isa = PBXFileReference; lastKnownFileType = sourcecode.swift; path = AppDelegate.swift; sourceTree = "<group>"; };
		BEBE4F54213A76B900D5153F /* MainVC.swift */ = {isa = PBXFileReference; lastKnownFileType = sourcecode.swift; path = MainVC.swift; sourceTree = "<group>"; };
		BEBE4F57213A76B900D5153F /* Base */ = {isa = PBXFileReference; lastKnownFileType = file.storyboard; name = Base; path = Base.lproj/Main.storyboard; sourceTree = "<group>"; };
		BEBE4F59213A76C100D5153F /* Assets.xcassets */ = {isa = PBXFileReference; lastKnownFileType = folder.assetcatalog; path = Assets.xcassets; sourceTree = "<group>"; };
		BEBE4F5C213A76C100D5153F /* Base */ = {isa = PBXFileReference; lastKnownFileType = file.storyboard; name = Base; path = Base.lproj/LaunchScreen.storyboard; sourceTree = "<group>"; };
		BEBE4F5E213A76C100D5153F /* Info.plist */ = {isa = PBXFileReference; lastKnownFileType = text.plist.xml; path = Info.plist; sourceTree = "<group>"; };
/* End PBXFileReference section */

/* Begin PBXFrameworksBuildPhase section */
		BEBE4F4C213A76B900D5153F /* Frameworks */ = {
			isa = PBXFrameworksBuildPhase;
			buildActionMask = 2147483647;
			files = (
			);
			runOnlyForDeploymentPostprocessing = 0;
		};
/* End PBXFrameworksBuildPhase section */

/* Begin PBXGroup section */
		BE4CE484213D7FD800759238 /* Controller */ = {
			isa = PBXGroup;
			children = (
				BEBE4F54213A76B900D5153F /* MainVC.swift */,
			);
			path = Controller;
			sourceTree = "<group>";
		};
		BE4CE485213D7FF100759238 /* View */ = {
			isa = PBXGroup;
			children = (
				BEBE4F56213A76B900D5153F /* Main.storyboard */,
				BE4CE487213D85EE00759238 /* CurrencyTextfield.swift */,
			);
			path = View;
			sourceTree = "<group>";
		};
		BE4CE486213D7FF900759238 /* Model */ = {
			isa = PBXGroup;
			children = (
			);
			path = Model;
			sourceTree = "<group>";
		};
		BEBE4F46213A76B900D5153F = {
			isa = PBXGroup;
			children = (
				BEBE4F51213A76B900D5153F /* Widow Shopper */,
				BEBE4F50213A76B900D5153F /* Products */,
			);
			sourceTree = "<group>";
		};
		BEBE4F50213A76B900D5153F /* Products */ = {
			isa = PBXGroup;
			children = (
				BEBE4F4F213A76B900D5153F /* Widow Shopper.app */,
			);
			name = Products;
			sourceTree = "<group>";
		};
		BEBE4F51213A76B900D5153F /* Widow Shopper */ = {
			isa = PBXGroup;
			children = (
				BE4CE486213D7FF900759238 /* Model */,
				BE4CE485213D7FF100759238 /* View */,
				BE4CE484213D7FD800759238 /* Controller */,
				BEBE4F52213A76B900D5153F /* AppDelegate.swift */,
				BEBE4F59213A76C100D5153F /* Assets.xcassets */,
				BEBE4F5B213A76C100D5153F /* LaunchScreen.storyboard */,
				BEBE4F5E213A76C100D5153F /* Info.plist */,
			);
			path = "Widow Shopper";
			sourceTree = "<group>";
		};
/* End PBXGroup section */

/* Begin PBXNativeTarget section */
		BEBE4F4E213A76B900D5153F /* Widow Shopper */ = {
			isa = PBXNativeTarget;
			buildConfigurationList = BEBE4F61213A76C100D5153F /* Build configuration list for PBXNativeTarget "Widow Shopper" */;
			buildPhases = (
				BEBE4F4B213A76B900D5153F /* Sources */,
				BEBE4F4C213A76B900D5153F /* Frameworks */,
				BEBE4F4D213A76B900D5153F /* Resources */,
			);
			buildRules = (
			);
			dependencies = (
			);
			name = "Widow Shopper";
			productName = "Widow Shopper";
			productReference = BEBE4F4F213A76B900D5153F /* Widow Shopper.app */;
			productType = "com.apple.product-type.application";
		};
/* End PBXNativeTarget section */

/* Begin PBXProject section */
		BEBE4F47213A76B900D5153F /* Project object */ = {
			isa = PBXProject;
			attributes = {
				LastSwiftUpdateCheck = 1000;
				LastUpgradeCheck = 1000;
				ORGANIZATIONNAME = "Myke Phillips";
				TargetAttributes = {
					BEBE4F4E213A76B900D5153F = {
						CreatedOnToolsVersion = 10.0;
					};
				};
			};
			buildConfigurationList = BEBE4F4A213A76B900D5153F /* Build configuration list for PBXProject "Widow Shopper" */;
			compatibilityVersion = "Xcode 9.3";
			developmentRegion = en;
			hasScannedForEncodings = 0;
			knownRegions = (
				en,
				Base,
			);
			mainGroup = BEBE4F46213A76B900D5153F;
			productRefGroup = BEBE4F50213A76B900D5153F /* Products */;
			projectDirPath = "";
			projectRoot = "";
			targets = (
				BEBE4F4E213A76B900D5153F /* Widow Shopper */,
			);
		};
/* End PBXProject section */

/* Begin PBXResourcesBuildPhase section */
		BEBE4F4D213A76B900D5153F /* Resources */ = {
			isa = PBXResourcesBuildPhase;
			buildActionMask = 2147483647;
			files = (
				BEBE4F5D213A76C100D5153F /* LaunchScreen.storyboard in Resources */,
				BEBE4F5A213A76C100D5153F /* Assets.xcassets in Resources */,
				BEBE4F58213A76B900D5153F /* Main.storyboard in Resources */,
			);
			runOnlyForDeploymentPostprocessing = 0;
		};
/* End PBXResourcesBuildPhase section */

/* Begin PBXSourcesBuildPhase section */
		BEBE4F4B213A76B900D5153F /* Sources */ = {
			isa = PBXSourcesBuildPhase;
			buildActionMask = 2147483647;
			files = (
				BE4CE488213D85EE00759238 /* CurrencyTextfield.swift in Sources */,
				BEBE4F55213A76B900D5153F /* MainVC.swift in Sources */,
				BEBE4F53213A76B900D5153F /* AppDelegate.swift in Sources */,
			);
			runOnlyForDeploymentPostprocessing = 0;
		};
/* End PBXSourcesBuildPhase section */

/* Begin PBXVariantGroup section */
		BEBE4F56213A76B900D5153F /* Main.storyboard */ = {
			isa = PBXVariantGroup;
			children = (
				BEBE4F57213A76B900D5153F /* Base */,
			);
			name = Main.storyboard;
			sourceTree = "<group>";
		};
		BEBE4F5B213A76C100D5153F /* LaunchScreen.storyboard */ = {
			isa = PBXVariantGroup;
			children = (
				BEBE4F5C213A76C100D5153F /* Base */,
			);
			name = LaunchScreen.storyboard;
			sourceTree = "<group>";
		};
/* End PBXVariantGroup section */

/* Begin XCBuildConfiguration section */
		BEBE4F5F213A76C100D5153F /* Debug */ = {
			isa = XCBuildConfiguration;
			buildSettings = {
				ALWAYS_SEARCH_USER_PATHS = NO;
				CLANG_ANALYZER_NONNULL = YES;
				CLANG_ANALYZER_NUMBER_OBJECT_CONVERSION = YES_AGGRESSIVE;
				CLANG_CXX_LANGUAGE_STANDARD = "gnu++14";
				CLANG_CXX_LIBRARY = "libc++";
				CLANG_ENABLE_MODULES = YES;
				CLANG_ENABLE_OBJC_ARC = YES;
				CLANG_ENABLE_OBJC_WEAK = YES;
				CLANG_WARN_BLOCK_CAPTURE_AUTORELEASING = YES;
				CLANG_WARN_BOOL_CONVERSION = YES;
				CLANG_WARN_COMMA = YES;
				CLANG_WARN_CONSTANT_CONVERSION = YES;
				CLANG_WARN_DEPRECATED_OBJC_IMPLEMENTATIONS = YES;
				CLANG_WARN_DIRECT_OBJC_ISA_USAGE = YES_ERROR;
				CLANG_WARN_DOCUMENTATION_COMMENTS = YES;
				CLANG_WARN_EMPTY_BODY = YES;
				CLANG_WARN_ENUM_CONVERSION = YES;
				CLANG_WARN_INFINITE_RECURSION = YES;
				CLANG_WARN_INT_CONVERSION = YES;
				CLANG_WARN_NON_LITERAL_NULL_CONVERSION = YES;
				CLANG_WARN_OBJC_IMPLICIT_RETAIN_SELF = YES;
				CLANG_WARN_OBJC_LITERAL_CONVERSION = YES;
				CLANG_WARN_OBJC_ROOT_CLASS = YES_ERROR;
				CLANG_WARN_RANGE_LOOP_ANALYSIS = YES;
				CLANG_WARN_STRICT_PROTOTYPES = YES;
				CLANG_WARN_SUSPICIOUS_MOVE = YES;
				CLANG_WARN_UNGUARDED_AVAILABILITY = YES_AGGRESSIVE;
				CLANG_WARN_UNREACHABLE_CODE = YES;
				CLANG_WARN__DUPLICATE_METHOD_MATCH = YES;
				CODE_SIGN_IDENTITY = "iPhone Developer";
				COPY_PHASE_STRIP = NO;
				DEBUG_INFORMATION_FORMAT = dwarf;
				ENABLE_STRICT_OBJC_MSGSEND = YES;
				ENABLE_TESTABILITY = YES;
				GCC_C_LANGUAGE_STANDARD = gnu11;
				GCC_DYNAMIC_NO_PIC = NO;
				GCC_NO_COMMON_BLOCKS = YES;
				GCC_OPTIMIZATION_LEVEL = 0;
				GCC_PREPROCESSOR_DEFINITIONS = (
					"DEBUG=1",
					"$(inherited)",
				);
				GCC_WARN_64_TO_32_BIT_CONVERSION = YES;
				GCC_WARN_ABOUT_RETURN_TYPE = YES_ERROR;
				GCC_WARN_UNDECLARED_SELECTOR = YES;
				GCC_WARN_UNINITIALIZED_AUTOS = YES_AGGRESSIVE;
				GCC_WARN_UNUSED_FUNCTION = YES;
				GCC_WARN_UNUSED_VARIABLE = YES;
				IPHONEOS_DEPLOYMENT_TARGET = 11.0;
				MTL_ENABLE_DEBUG_INFO = INCLUDE_SOURCE;
				ONLY_ACTIVE_ARCH = YES;
				SDKROOT = iphoneos;
				SWIFT_ACTIVE_COMPILATION_CONDITIONS = DEBUG;
				SWIFT_OPTIMIZATION_LEVEL = "-Onone";
			};
			name = Debug;
		};
		BEBE4F60213A76C100D5153F /* Release */ = {
			isa = XCBuildConfiguration;
			buildSettings = {
				ALWAYS_SEARCH_USER_PATHS = NO;
				CLANG_ANALYZER_NONNULL = YES;
				CLANG_ANALYZER_NUMBER_OBJECT_CONVERSION = YES_AGGRESSIVE;
				CLANG_CXX_LANGUAGE_STANDARD = "gnu++14";
				CLANG_CXX_LIBRARY = "libc++";
				CLANG_ENABLE_MODULES = YES;
				CLANG_ENABLE_OBJC_ARC = YES;
				CLANG_ENABLE_OBJC_WEAK = YES;
				CLANG_WARN_BLOCK_CAPTURE_AUTORELEASING = YES;
				CLANG_WARN_BOOL_CONVERSION = YES;
				CLANG_WARN_COMMA = YES;
				CLANG_WARN_CONSTANT_CONVERSION = YES;
				CLANG_WARN_DEPRECATED_OBJC_IMPLEMENTATIONS = YES;
				CLANG_WARN_DIRECT_OBJC_ISA_USAGE = YES_ERROR;
				CLANG_WARN_DOCUMENTATION_COMMENTS = YES;
				CLANG_WARN_EMPTY_BODY = YES;
				CLANG_WARN_ENUM_CONVERSION = YES;
				CLANG_WARN_INFINITE_RECURSION = YES;
				CLANG_WARN_INT_CONVERSION = YES;
				CLANG_WARN_NON_LITERAL_NULL_CONVERSION = YES;
				CLANG_WARN_OBJC_IMPLICIT_RETAIN_SELF = YES;
				CLANG_WARN_OBJC_LITERAL_CONVERSION = YES;
				CLANG_WARN_OBJC_ROOT_CLASS = YES_ERROR;
				CLANG_WARN_RANGE_LOOP_ANALYSIS = YES;
				CLANG_WARN_STRICT_PROTOTYPES = YES;
				CLANG_WARN_SUSPICIOUS_MOVE = YES;
				CLANG_WARN_UNGUARDED_AVAILABILITY = YES_AGGRESSIVE;
				CLANG_WARN_UNREACHABLE_CODE = YES;
				CLANG_WARN__DUPLICATE_METHOD_MATCH = YES;
				CODE_SIGN_IDENTITY = "iPhone Developer";
				COPY_PHASE_STRIP = NO;
				DEBUG_INFORMATION_FORMAT = "dwarf-with-dsym";
				ENABLE_NS_ASSERTIONS = NO;
				ENABLE_STRICT_OBJC_MSGSEND = YES;
				GCC_C_LANGUAGE_STANDARD = gnu11;
				GCC_NO_COMMON_BLOCKS = YES;
				GCC_WARN_64_TO_32_BIT_CONVERSION = YES;
				GCC_WARN_ABOUT_RETURN_TYPE = YES_ERROR;
				GCC_WARN_UNDECLARED_SELECTOR = YES;
				GCC_WARN_UNINITIALIZED_AUTOS = YES_AGGRESSIVE;
				GCC_WARN_UNUSED_FUNCTION = YES;
				GCC_WARN_UNUSED_VARIABLE = YES;
				IPHONEOS_DEPLOYMENT_TARGET = 11.0;
				MTL_ENABLE_DEBUG_INFO = NO;
				SDKROOT = iphoneos;
				SWIFT_COMPILATION_MODE = wholemodule;
				SWIFT_OPTIMIZATION_LEVEL = "-O";
				VALIDATE_PRODUCT = YES;
			};
			name = Release;
		};
		BEBE4F62213A76C100D5153F /* Debug */ = {
			isa = XCBuildConfiguration;
			buildSettings = {
				ASSETCATALOG_COMPILER_APPICON_NAME = AppIcon;
				CODE_SIGN_STYLE = Automatic;
				DEVELOPMENT_TEAM = 7A546TGD46;
				INFOPLIST_FILE = "Widow Shopper/Info.plist";
				IPHONEOS_DEPLOYMENT_TARGET = 11.0;
				LD_RUNPATH_SEARCH_PATHS = (
					"$(inherited)",
					"@executable_path/Frameworks",
				);
				PRODUCT_BUNDLE_IDENTIFIER = "co.uk.thefraternity.Widow-Shopper";
				PRODUCT_NAME = "$(TARGET_NAME)";
				SWIFT_VERSION = 4.2;
				TARGETED_DEVICE_FAMILY = "1,2";
			};
			name = Debug;
		};
		BEBE4F63213A76C100D5153F /* Release */ = {
			isa = XCBuildConfiguration;
			buildSettings = {
				ASSETCATALOG_COMPILER_APPICON_NAME = AppIcon;
				CODE_SIGN_STYLE = Automatic;
				DEVELOPMENT_TEAM = 7A546TGD46;
				INFOPLIST_FILE = "Widow Shopper/Info.plist";
				IPHONEOS_DEPLOYMENT_TARGET = 11.0;
				LD_RUNPATH_SEARCH_PATHS = (
					"$(inherited)",
					"@executable_path/Frameworks",
				);
				PRODUCT_BUNDLE_IDENTIFIER = "co.uk.thefraternity.Widow-Shopper";
				PRODUCT_NAME = "$(TARGET_NAME)";
				SWIFT_VERSION = 4.2;
				TARGETED_DEVICE_FAMILY = "1,2";
			};
			name = Release;
		};
/* End XCBuildConfiguration section */

/* Begin XCConfigurationList section */
		BEBE4F4A213A76B900D5153F /* Build configuration list for PBXProject "Widow Shopper" */ = {
			isa = XCConfigurationList;
			buildConfigurations = (
				BEBE4F5F213A76C100D5153F /* Debug */,
				BEBE4F60213A76C100D5153F /* Release */,
			);
			defaultConfigurationIsVisible = 0;
			defaultConfigurationName = Release;
		};
		BEBE4F61213A76C100D5153F /* Build configuration list for PBXNativeTarget "Widow Shopper" */ = {
			isa = XCConfigurationList;
			buildConfigurations = (
				BEBE4F62213A76C100D5153F /* Debug */,
				BEBE4F63213A76C100D5153F /* Release */,
			);
			defaultConfigurationIsVisible = 0;
			defaultConfigurationName = Release;
		};
/* End XCConfigurationList section */
	};
	rootObject = BEBE4F47213A76B900D5153F /* Project object */;
}
